Microsoft Visual Studio Solution File, Format Version 12.00
# 17
VisualStudioVersion = 17.11.35327.3
MinimumVisualStudioVersion = 10.0.40219.1
Project("{FAE04EC0-301F-11D3-BF4B-00C04F79EFBC}") = "AspNetCore.Authentication.GitHub", "AspNetCore.Authentication.GitHub\AspNetCore.Authentication.GitHub.csproj", "{12EF5801-8C5B-42D8-BC68-53BC11FB1D36}"
EndProject
Project("{FAE04EC0-301F-11D3-BF4B-00C04F79EFBC}") = "AspNetCore.Authentication.GitHub.Application", "AspNetCore.Authentication.GitHub.Application\AspNetCore.Authentication.GitHub.Application.csproj", "{97805FB4-57AB-482F-8157-4DF8713748CE}"
EndProject
Global
	GlobalSection(SolutionConfigurationPlatforms) = preSolution
		Debug|Any CPU = Debug|Any CPU
		Release|Any CPU = Release|Any CPU
	EndGlobalSection
	GlobalSection(ProjectConfigurationPlatforms) = postSolution
		{12EF5801-8C5B-42D8-BC68-53BC11FB1D36}.Debug|Any CPU.ActiveCfg = Debug|Any CPU
		{12EF5801-8C5B-42D8-BC68-53BC11FB1D36}.Debug|Any CPU.Build.0 = Debug|Any CPU
		{12EF5801-8C5B-42D8-BC68-53BC11FB1D36}.Release|Any CPU.ActiveCfg = Release|Any CPU
		{12EF5801-8C5B-42D8-BC68-53BC11FB1D36}.Release|Any CPU.Build.0 = Release|Any CPU
		{97805FB4-57AB-482F-8157-4DF8713748CE}.Debug|Any CPU.ActiveCfg = Debug|Any CPU
		{97805FB4-57AB-482F-8157-4DF8713748CE}.Debug|Any CPU.Build.0 = Debug|Any CPU
		{97805FB4-57AB-482F-8157-4DF8713748CE}.Release|Any CPU.ActiveCfg = Release|Any CPU
		{97805FB4-57AB-482F-8157-4DF8713748CE}.Release|Any CPU.Build.0 = Release|Any CPU
	EndGlobalSection
	GlobalSection(SolutionProperties) = preSolution
		HideSolutionNode = FALSE
	EndGlobalSection
	GlobalSection(ExtensibilityGlobals) = postSolution
		SolutionGuid = {0C13BF36-0498-415B-926B-1D05D68BE0FF}
	EndGlobalSection
EndGlobal
